// !$*UTF8*$!
{
	archiveVersion = 1;
	classes = {
	};
	objectVersion = 77;
	objects = {

/* Begin PBXContainerItemProxy section */
		332564CA2FA10C8C00CF8C02 /* PBXContainerItemProxy */ = {
			isa = PBXContainerItemProxy;
			containerPortal = 332564B42FA10C8B00CF8C02 /* Project object */;
			proxyType = 1;
			remoteGlobalIDString = 332564BB2FA10C8B00CF8C02;
			remoteInfo = "Swift UI Apps";
		};
		332564D42FA10C8C00CF8C02 /* PBXContainerItemProxy */ = {
			isa = PBXContainerItemProxy;
			containerPortal = 332564B42FA10C8B00CF8C02 /* Project object */;
			proxyType = 1;
			remoteGlobalIDString = 332564BB2FA10C8B00CF8C02;
			remoteInfo = "Swift UI Apps";
		};
/* End PBXContainerItemProxy section */

/* Begin PBXFileReference section */
		332564BC2FA10C8B00CF8C02 /* Swift UI Apps.app */ = {isa = PBXFileReference; explicitFileType = wrapper.application; includeInIndex = 0; path = "Swift UI Apps.app"; sourceTree = BUILT_PRODUCTS_DIR; };
		332564C92FA10C8C00CF8C02 /* Swift UI AppsTests.xctest */ = {isa = PBXFileReference; explicitFileType = wrapper.cfbundle; includeInIndex = 0; path = "Swift UI AppsTests.xctest"; sourceTree = BUILT_PRODUCTS_DIR; };
		332564D32FA10C8C00CF8C02 /* Swift UI AppsUITests.xctest */ = {isa = PBXFileReference; explicitFileType = wrapper.cfbundle; includeInIndex = 0; path = "Swift UI AppsUITests.xctest"; sourceTree = BUILT_PRODUCTS_DIR; };
/* End PBXFileReference section */

/* Begin PBXFileSystemSynchronizedRootGroup section */
		332564BE2FA10C8B00CF8C02 /* Swift UI Apps */ = {
			isa = PBXFileSystemSynchronizedRootGroup;
			path = "Swift UI Apps";
			sourceTree = "<group>";
		};
		332564CC2FA10C8C00CF8C02 /* Swift UI AppsTests */ = {
			isa = PBXFileSystemSynchronizedRootGroup;
			path = "Swift UI AppsTests";
			sourceTree = "<group>";
		};
		332564D62FA10C8C00CF8C02 /* Swift UI AppsUITests */ = {
			isa = PBXFileSystemSynchronizedRootGroup;
			path = "Swift UI AppsUITests";
			sourceTree = "<group>";
		};
/* End PBXFileSystemSynchronizedRootGroup section */

/* Begin PBXFrameworksBuildPhase section */
		332564B92FA10C8B00CF8C02 /* Frameworks */ = {
			isa = PBXFrameworksBuildPhase;
			buildActionMask = 2147483647;
			files = (
			);
			runOnlyForDeploymentPostprocessing = 0;
		};
		332564C62FA10C8C00CF8C02 /* Frameworks */ = {
			isa = PBXFrameworksBuildPhase;
			buildActionMask = 2147483647;
			files = (
			);
			runOnlyForDeploymentPostprocessing = 0;
		};
		332564D02FA10C8C00CF8C02 /* Frameworks */ = {
			isa = PBXFrameworksBuildPhase;
			buildActionMask = 2147483647;
			files = (
			);
			runOnlyForDeploymentPostprocessing = 0;
		};
/* End PBXFrameworksBuildPhase section */

/* Begin PBXGroup section */
		332564B32FA10C8B00CF8C02 = {
			isa = PBXGroup;
			children = (
				332564BE2FA10C8B00CF8C02 /* Swift UI Apps */,
				332564CC2FA10C8C00CF8C02 /* Swift UI AppsTests */,
				332564D62FA10C8C00CF8C02 /* Swift UI AppsUITests */,
				332564BD2FA10C8B00CF8C02 /* Products */,
			);
			sourceTree = "<group>";
		};
		332564BD2FA10C8B00CF8C02 /* Products */ = {
			isa = PBXGroup;
			children = (
				332564BC2FA10C8B00CF8C02 /* Swift UI Apps.app */,
				332564C92FA10C8C00CF8C02 /* Swift UI AppsTests.xctest */,
				332564D32FA10C8C00CF8C02 /* Swift UI AppsUITests.xctest */,
			);
			name = Products;
			sourceTree = "<group>";
		};
/* End PBXGroup section */

/* Begin PBXNativeTarget section */
		332564BB2FA10C8B00CF8C02 /* Swift UI Apps */ = {
			isa = PBXNativeTarget;
			buildConfigurationList = 332564DD2FA10C8C00CF8C02 /* Build configuration list for PBXNativeTarget "Swift UI Apps" */;
			buildPhases = (
				332564B82FA10C8B00CF8C02 /* Sources */,
				332564B92FA10C8B00CF8C02 /* Frameworks */,
				332564BA2FA10C8B00CF8C02 /* Resources */,
			);
			buildRules = (
			);
			dependencies = (
			);
			fileSystemSynchronizedGroups = (
				332564BE2FA10C8B00CF8C02 /* Swift UI Apps */,
			);
			name = "Swift UI Apps";
			packageProductDependencies = (
			);
			productName = "Swift UI Apps";
			productReference = 332564BC2FA10C8B00CF8C02 /* Swift UI Apps.app */;
			productType = "com.apple.product-type.application";
		};
		332564C82FA10C8C00CF8C02 /* Swift UI AppsTests */ = {
			isa = PBXNativeTarget;
			buildConfigurationList = 332564E02FA10C8C00CF8C02 /* Build configuration list for PBXNativeTarget "Swift UI AppsTests" */;
			buildPhases = (
				332564C52FA10C8C00CF8C02 /* Sources */,
				332564C62FA10C8C00CF8C02 /* Frameworks */,
				332564C72FA10C8C00CF8C02 /* Resources */,
			);
			buildRules = (
			);
			dependencies = (
				332564CB2FA10C8C00CF8C02 /* PBXTargetDependency */,
			);
			fileSystemSynchronizedGroups = (
				332564CC2FA10C8C00CF8C02 /* Swift UI AppsTests */,
			);
			name = "Swift UI AppsTests";
			packageProductDependencies = (
			);
			productName = "Swift UI AppsTests";
			productReference = 332564C92FA10C8C00CF8C02 /* Swift UI AppsTests.xctest */;
			productType = "com.apple.product-type.bundle.unit-test";
		};
		332564D22FA10C8C00CF8C02 /* Swift UI AppsUITests */ = {
			isa = PBXNativeTarget;
			buildConfigurationList = 332564E32FA10C8C00CF8C02 /* Build configuration list for PBXNativeTarget "Swift UI AppsUITests" */;
			buildPhases = (
				332564CF2FA10C8C00CF8C02 /* Sources */,
				332564D02FA10C8C00CF8C02 /* Frameworks */,
				332564D12FA10C8C00CF8C02 /* Resources */,
			);
			buildRules = (
			);
			dependencies = (
				332564D52FA10C8C00CF8C02 /* PBXTargetDependency */,
			);
			fileSystemSynchronizedGroups = (
				332564D62FA10C8C00CF8C02 /* Swift UI AppsUITests */,
			);
			name = "Swift UI AppsUITests";
			packageProductDependencies = (
			);
			productName = "Swift UI AppsUITests";
			productReference = 332564D32FA10C8C00CF8C02 /* Swift UI AppsUITests.xctest */;
			productType = "com.apple.product-type.bundle.ui-testing";
		};
/* End PBXNativeTarget section */

/* Begin PBXProject section */
		332564B42FA10C8B00CF8C02 /* Project object */ = {
			isa = PBXProject;
			attributes = {
				BuildIndependentTargetsInParallel = 1;
				LastSwiftUpdateCheck = 2620;
				LastUpgradeCheck = 2620;
				TargetAttributes = {
					332564BB2FA10C8B00CF8C02 = {
						CreatedOnToolsVersion = 26.2;
					};
					332564C82FA10C8C00CF8C02 = {
						CreatedOnToolsVersion = 26.2;
						TestTargetID = 332564BB2FA10C8B00CF8C02;
					};
					332564D22FA10C8C00CF8C02 = {
						CreatedOnToolsVersion = 26.2;
						TestTargetID = 332564BB2FA10C8B00CF8C02;
					};
				};
			};
			buildConfigurationList = 332564B72FA10C8B00CF8C02 /* Build configuration list for PBXProject "Swift UI Apps" */;
			developmentRegion = en;
			hasScannedForEncodings = 0;
			knownRegions = (
				en,
				Base,
			);
			mainGroup = 332564B32FA10C8B00CF8C02;
			minimizedProjectReferenceProxies = 1;
			preferredProjectObjectVersion = 77;
			productRefGroup = 332564BD2FA10C8B00CF8C02 /* Products */;
			projectDirPath = "";
			projectRoot = "";
			targets = (
				332564BB2FA10C8B00CF8C02 /* Swift UI Apps */,
				332564C82FA10C8C00CF8C02 /* Swift UI AppsTests */,
				332564D22FA10C8C00CF8C02 /* Swift UI AppsUITests */,
			);
		};
/* End PBXProject section */

/* Begin PBXResourcesBuildPhase section */
		332564BA2FA10C8B00CF8C02 /* Resources */ = {
			isa = PBXResourcesBuildPhase;
			buildActionMask = 2147483647;
			files = (
			);
			runOnlyForDeploymentPostprocessing = 0;
		};
		332564C72FA10C8C00CF8C02 /* Resources */ = {
			isa = PBXResourcesBuildPhase;
			buildActionMask = 2147483647;
			files = (
			);
			runOnlyForDeploymentPostprocessing = 0;
		};
		332564D12FA10C8C00CF8C02 /* Resources */ = {
			isa = PBXResourcesBuildPhase;
			buildActionMask = 2147483647;
			files = (
			);
			runOnlyForDeploymentPostprocessing = 0;
		};
/* End PBXResourcesBuildPhase section */

/* Begin PBXSourcesBuildPhase section */
		332564B82FA10C8B00CF8C02 /* Sources */ = {
			isa = PBXSourcesBuildPhase;
			buildActionMask = 2147483647;
			files = (
			);
			runOnlyForDeploymentPostprocessing = 0;
		};
		332564C52FA10C8C00CF8C02 /* Sources */ = {
			isa = PBXSourcesBuildPhase;
			buildActionMask = 2147483647;
			files = (
			);
			runOnlyForDeploymentPostprocessing = 0;
		};
		332564CF2FA10C8C00CF8C02 /* Sources */ = {
			isa = PBXSourcesBuildPhase;
			buildActionMask = 2147483647;
			files = (
			);
			runOnlyForDeploymentPostprocessing = 0;
		};
/* End PBXSourcesBuildPhase section */

/* Begin PBXTargetDependency section */
		332564CB2FA10C8C00CF8C02 /* PBXTargetDependency */ = {
			isa = PBXTargetDependency;
			target = 332564BB2FA10C8B00CF8C02 /* Swift UI Apps */;
			targetProxy = 332564CA2FA10C8C00CF8C02 /* PBXContainerItemProxy */;
		};
		332564D52FA10C8C00CF8C02 /* PBXTargetDependency */ = {
			isa = PBXTargetDependency;
			target = 332564BB2FA10C8B00CF8C02 /* Swift UI Apps */;
			targetProxy = 332564D42FA10C8C00CF8C02 /* PBXContainerItemProxy */;
		};
/* End PBXTargetDependency section */

/* Begin XCBuildConfiguration section */
		332564DB2FA10C8C00CF8C02 /* Debug */ = {
			isa = XCBuildConfiguration;
			buildSettings = {
				ALWAYS_SEARCH_USER_PATHS = NO;
				ASSETCATALOG_COMPILER_GENERATE_SWIFT_ASSET_SYMBOL_EXTENSIONS = YES;
				CLANG_ANALYZER_NONNULL = YES;
				CLANG_ANALYZER_NUMBER_OBJECT_CONVERSION = YES_AGGRESSIVE;
				CLANG_CXX_LANGUAGE_STANDARD = "gnu++20";
				CLANG_ENABLE_MODULES = YES;
				CLANG_ENABLE_OBJC_ARC = YES;
				CLANG_ENABLE_OBJC_WEAK = YES;
				CLANG_WARN_BLOCK_CAPTURE_AUTORELEASING = YES;
				CLANG_WARN_BOOL_CONVERSION = YES;
				CLANG_WARN_COMMA = YES;
				CLANG_WARN_CONSTANT_CONVERSION = YES;
				CLANG_WARN_DEPRECATED_OBJC_IMPLEMENTATIONS = YES;
				CLANG_WARN_DIRECT_OBJC_ISA_USAGE = YES_ERROR;
				CLANG_WARN_DOCUMENTATION_COMMENTS = YES;
				CLANG_WARN_EMPTY_BODY = YES;
				CLANG_WARN_ENUM_CONVERSION = YES;
				CLANG_WARN_INFINITE_RECURSION = YES;
				CLANG_WARN_INT_CONVERSION = YES;
				CLANG_WARN_NON_LITERAL_NULL_CONVERSION = YES;
				CLANG_WARN_OBJC_IMPLICIT_RETAIN_SELF = YES;
				CLANG_WARN_OBJC_LITERAL_CONVERSION = YES;
				CLANG_WARN_OBJC_ROOT_CLASS = YES_ERROR;
				CLANG_WARN_QUOTED_INCLUDE_IN_FRAMEWORK_HEADER = YES;
				CLANG_WARN_RANGE_LOOP_ANALYSIS = YES;
				CLANG_WARN_STRICT_PROTOTYPES = YES;
				CLANG_WARN_SUSPICIOUS_MOVE = YES;
				CLANG_WARN_UNGUARDED_AVAILABILITY = YES_AGGRESSIVE;
				CLANG_WARN_UNREACHABLE_CODE = YES;
				CLANG_WARN__DUPLICATE_METHOD_MATCH = YES;
				COPY_PHASE_STRIP = NO;
				DEBUG_INFORMATION_FORMAT = dwarf;
				DEVELOPMENT_TEAM = K2G54Z742W;
				ENABLE_STRICT_OBJC_MSGSEND = YES;
				ENABLE_TESTABILITY = YES;
				ENABLE_USER_SCRIPT_SANDBOXING = YES;
				GCC_C_LANGUAGE_STANDARD = gnu17;
				GCC_DYNAMIC_NO_PIC = NO;
				GCC_NO_COMMON_BLOCKS = YES;
				GCC_OPTIMIZATION_LEVEL = 0;
				GCC_PREPROCESSOR_DEFINITIONS = (
					"DEBUG=1",
					"$(inherited)",
				);
				GCC_WARN_64_TO_32_BIT_CONVERSION = YES;
				GCC_WARN_ABOUT_RETURN_TYPE = YES_ERROR;
				GCC_WARN_UNDECLARED_SELECTOR = YES;
				GCC_WARN_UNINITIALIZED_AUTOS = YES_AGGRESSIVE;
				GCC_WARN_UNUSED_FUNCTION = YES;
				GCC_WARN_UNUSED_VARIABLE = YES;
				IPHONEOS_DEPLOYMENT_TARGET = 26.2;
				LOCALIZATION_PREFERS_STRING_CATALOGS = YES;
				MTL_ENABLE_DEBUG_INFO = INCLUDE_SOURCE;
				MTL_FAST_MATH = YES;
				ONLY_ACTIVE_ARCH = YES;
				SDKROOT = iphoneos;
				SWIFT_ACTIVE_COMPILATION_CONDITIONS = "DEBUG $(inherited)";
				SWIFT_OPTIMIZATION_LEVEL = "-Onone";
			};
			name = Debug;
		};
		332564DC2FA10C8C00CF8C02 /* Release */ = {
			isa = XCBuildConfiguration;
			buildSettings = {
				ALWAYS_SEARCH_USER_PATHS = NO;
				ASSETCATALOG_COMPILER_GENERATE_SWIFT_ASSET_SYMBOL_EXTENSIONS = YES;
				CLANG_ANALYZER_NONNULL = YES;
				CLANG_ANALYZER_NUMBER_OBJECT_CONVERSION = YES_AGGRESSIVE;
				CLANG_CXX_LANGUAGE_STANDARD = "gnu++20";
				CLANG_ENABLE_MODULES = YES;
				CLANG_ENABLE_OBJC_ARC = YES;
				CLANG_ENABLE_OBJC_WEAK = YES;
				CLANG_WARN_BLOCK_CAPTURE_AUTORELEASING = YES;
				CLANG_WARN_BOOL_CONVERSION = YES;
				CLANG_WARN_COMMA = YES;
				CLANG_WARN_CONSTANT_CONVERSION = YES;
				CLANG_WARN_DEPRECATED_OBJC_IMPLEMENTATIONS = YES;
				CLANG_WARN_DIRECT_OBJC_ISA_USAGE = YES_ERROR;
				CLANG_WARN_DOCUMENTATION_COMMENTS = YES;
				CLANG_WARN_EMPTY_BODY = YES;
				CLANG_WARN_ENUM_CONVERSION = YES;
				CLANG_WARN_INFINITE_RECURSION = YES;
				CLANG_WARN_INT_CONVERSION = YES;
				CLANG_WARN_NON_LITERAL_NULL_CONVERSION = YES;
				CLANG_WARN_OBJC_IMPLICIT_RETAIN_SELF = YES;
				CLANG_WARN_OBJC_LITERAL_CONVERSION = YES;
				CLANG_WARN_OBJC_ROOT_CLASS = YES_ERROR;
				CLANG_WARN_QUOTED_INCLUDE_IN_FRAMEWORK_HEADER = YES;
				CLANG_WARN_RANGE_LOOP_ANALYSIS = YES;
				CLANG_WARN_STRICT_PROTOTYPES = YES;
				CLANG_WARN_SUSPICIOUS_MOVE = YES;
				CLANG_WARN_UNGUARDED_AVAILABILITY = YES_AGGRESSIVE;
				CLANG_WARN_UNREACHABLE_CODE = YES;
				CLANG_WARN__DUPLICATE_METHOD_MATCH = YES;
				COPY_PHASE_STRIP = NO;
				DEBUG_INFORMATION_FORMAT = "dwarf-with-dsym";
				DEVELOPMENT_TEAM = K2G54Z742W;
				ENABLE_NS_ASSERTIONS = NO;
				ENABLE_STRICT_OBJC_MSGSEND = YES;
				ENABLE_USER_SCRIPT_SANDBOXING = YES;
				GCC_C_LANGUAGE_STANDARD = gnu17;
				GCC_NO_COMMON_BLOCKS = YES;
				GCC_WARN_64_TO_32_BIT_CONVERSION = YES;
				GCC_WARN_ABOUT_RETURN_TYPE = YES_ERROR;
				GCC_WARN_UNDECLARED_SELECTOR = YES;
				GCC_WARN_UNINITIALIZED_AUTOS = YES_AGGRESSIVE;
				GCC_WARN_UNUSED_FUNCTION = YES;
				GCC_WARN_UNUSED_VARIABLE = YES;
				IPHONEOS_DEPLOYMENT_TARGET = 26.2;
				LOCALIZATION_PREFERS_STRING_CATALOGS = YES;
				MTL_ENABLE_DEBUG_INFO = NO;
				MTL_FAST_MATH = YES;
				SDKROOT = iphoneos;
				SWIFT_COMPILATION_MODE = wholemodule;
				VALIDATE_PRODUCT = YES;
			};
			name = Release;
		};
		332564DE2FA10C8C00CF8C02 /* Debug */ = {
			isa = XCBuildConfiguration;
			buildSettings = {
				ASSETCATALOG_COMPILER_APPICON_NAME = AppIcon;
				ASSETCATALOG_COMPILER_GLOBAL_ACCENT_COLOR_NAME = AccentColor;
				CODE_SIGN_STYLE = Automatic;
				CURRENT_PROJECT_VERSION = 1;
				DEVELOPMENT_TEAM = K2G54Z742W;
				ENABLE_PREVIEWS = YES;
				GENERATE_INFOPLIST_FILE = YES;
				INFOPLIST_KEY_UIApplicationSceneManifest_Generation = YES;
				INFOPLIST_KEY_UIApplicationSupportsIndirectInputEvents = YES;
				INFOPLIST_KEY_UILaunchScreen_Generation = YES;
				INFOPLIST_KEY_UISupportedInterfaceOrientations_iPad = "UIInterfaceOrientationPortrait UIInterfaceOrientationPortraitUpsideDown UIInterfaceOrientationLandscapeLeft UIInterfaceOrientationLandscapeRight";
				INFOPLIST_KEY_UISupportedInterfaceOrientations_iPhone = "UIInterfaceOrientationPortrait UIInterfaceOrientationLandscapeLeft UIInterfaceOrientationLandscapeRight";
				LD_RUNPATH_SEARCH_PATHS = (
					"$(inherited)",
					"@executable_path/Frameworks",
				);
				MARKETING_VERSION = 1.0;
				PRODUCT_BUNDLE_IDENTIFIER = "mu.sky.Swift-UI-Apps";
				PRODUCT_NAME = "$(TARGET_NAME)";
				STRING_CATALOG_GENERATE_SYMBOLS = YES;
				SWIFT_APPROACHABLE_CONCURRENCY = YES;
				SWIFT_DEFAULT_ACTOR_ISOLATION = MainActor;
				SWIFT_EMIT_LOC_STRINGS = YES;
				SWIFT_UPCOMING_FEATURE_MEMBER_IMPORT_VISIBILITY = YES;
				SWIFT_VERSION = 5.0;
				TARGETED_DEVICE_FAMILY = "1,2";
			};
			name = Debug;
		};
		332564DF2FA10C8C00CF8C02 /* Release */ = {
			isa = XCBuildConfiguration;
			buildSettings = {
				ASSETCATALOG_COMPILER_APPICON_NAME = AppIcon;
				ASSETCATALOG_COMPILER_GLOBAL_ACCENT_COLOR_NAME = AccentColor;
				CODE_SIGN_STYLE = Automatic;
				CURRENT_PROJECT_VERSION = 1;
				DEVELOPMENT_TEAM = K2G54Z742W;
				ENABLE_PREVIEWS = YES;
				GENERATE_INFOPLIST_FILE = YES;
				INFOPLIST_KEY_UIApplicationSceneManifest_Generation = YES;
				INFOPLIST_KEY_UIApplicationSupportsIndirectInputEvents = YES;
				INFOPLIST_KEY_UILaunchScreen_Generation = YES;
				INFOPLIST_KEY_UISupportedInterfaceOrientations_iPad = "UIInterfaceOrientationPortrait UIInterfaceOrientationPortraitUpsideDown UIInterfaceOrientationLandscapeLeft UIInterfaceOrientationLandscapeRight";
				INFOPLIST_KEY_UISupportedInterfaceOrientations_iPhone = "UIInterfaceOrientationPortrait UIInterfaceOrientationLandscapeLeft UIInterfaceOrientationLandscapeRight";
				LD_RUNPATH_SEARCH_PATHS = (
					"$(inherited)",
					"@executable_path/Frameworks",
				);
				MARKETING_VERSION = 1.0;
				PRODUCT_BUNDLE_IDENTIFIER = "mu.sky.Swift-UI-Apps";
				PRODUCT_NAME = "$(TARGET_NAME)";
				STRING_CATALOG_GENERATE_SYMBOLS = YES;
				SWIFT_APPROACHABLE_CONCURRENCY = YES;
				SWIFT_DEFAULT_ACTOR_ISOLATION = MainActor;
				SWIFT_EMIT_LOC_STRINGS = YES;
				SWIFT_UPCOMING_FEATURE_MEMBER_IMPORT_VISIBILITY = YES;
				SWIFT_VERSION = 5.0;
				TARGETED_DEVICE_FAMILY = "1,2";
			};
			name = Release;
		};
		332564E12FA10C8C00CF8C02 /* Debug */ = {
			isa = XCBuildConfiguration;
			buildSettings = {
				BUNDLE_LOADER = "$(TEST_HOST)";
				CODE_SIGN_STYLE = Automatic;
				CURRENT_PROJECT_VERSION = 1;
				DEVELOPMENT_TEAM = K2G54Z742W;
				GENERATE_INFOPLIST_FILE = YES;
				IPHONEOS_DEPLOYMENT_TARGET = 26.2;
				MARKETING_VERSION = 1.0;
				PRODUCT_BUNDLE_IDENTIFIER = "mu.sky.Swift-UI-AppsTests";
				PRODUCT_NAME = "$(TARGET_NAME)";
				STRING_CATALOG_GENERATE_SYMBOLS = NO;
				SWIFT_APPROACHABLE_CONCURRENCY = YES;
				SWIFT_EMIT_LOC_STRINGS = NO;
				SWIFT_UPCOMING_FEATURE_MEMBER_IMPORT_VISIBILITY = YES;
				SWIFT_VERSION = 5.0;
				TARGETED_DEVICE_FAMILY = "1,2";
				TEST_HOST = "$(BUILT_PRODUCTS_DIR)/Swift UI Apps.app/$(BUNDLE_EXECUTABLE_FOLDER_PATH)/Swift UI Apps";
			};
			name = Debug;
		};
		332564E22FA10C8C00CF8C02 /* Release */ = {
			isa = XCBuildConfiguration;
			buildSettings = {
				BUNDLE_LOADER = "$(TEST_HOST)";
				CODE_SIGN_STYLE = Automatic;
				CURRENT_PROJECT_VERSION = 1;
				DEVELOPMENT_TEAM = K2G54Z742W;
				GENERATE_INFOPLIST_FILE = YES;
				IPHONEOS_DEPLOYMENT_TARGET = 26.2;
				MARKETING_VERSION = 1.0;
				PRODUCT_BUNDLE_IDENTIFIER = "mu.sky.Swift-UI-AppsTests";
				PRODUCT_NAME = "$(TARGET_NAME)";
				STRING_CATALOG_GENERATE_SYMBOLS = NO;
				SWIFT_APPROACHABLE_CONCURRENCY = YES;
				SWIFT_EMIT_LOC_STRINGS = NO;
				SWIFT_UPCOMING_FEATURE_MEMBER_IMPORT_VISIBILITY = YES;
				SWIFT_VERSION = 5.0;
				TARGETED_DEVICE_FAMILY = "1,2";
				TEST_HOST = "$(BUILT_PRODUCTS_DIR)/Swift UI Apps.app/$(BUNDLE_EXECUTABLE_FOLDER_PATH)/Swift UI Apps";
			};
			name = Release;
		};
		332564E42FA10C8C00CF8C02 /* Debug */ = {
			isa = XCBuildConfiguration;
			buildSettings = {
				CODE_SIGN_STYLE = Automatic;
				CURRENT_PROJECT_VERSION = 1;
				DEVELOPMENT_TEAM = K2G54Z742W;
				GENERATE_INFOPLIST_FILE = YES;
				MARKETING_VERSION = 1.0;
				PRODUCT_BUNDLE_IDENTIFIER = "mu.sky.Swift-UI-AppsUITests";
				PRODUCT_NAME = "$(TARGET_NAME)";
				STRING_CATALOG_GENERATE_SYMBOLS = NO;
				SWIFT_APPROACHABLE_CONCURRENCY = YES;
				SWIFT_EMIT_LOC_STRINGS = NO;
				SWIFT_UPCOMING_FEATURE_MEMBER_IMPORT_VISIBILITY = YES;
				SWIFT_VERSION = 5.0;
				TARGETED_DEVICE_FAMILY = "1,2";
				TEST_TARGET_NAME = "Swift UI Apps";
			};
			name = Debug;
		};
		332564E52FA10C8C00CF8C02 /* Release */ = {
			isa = XCBuildConfiguration;
			buildSettings = {
				CODE_SIGN_STYLE = Automatic;
				CURRENT_PROJECT_VERSION = 1;
				DEVELOPMENT_TEAM = K2G54Z742W;
				GENERATE_INFOPLIST_FILE = YES;
				MARKETING_VERSION = 1.0;
				PRODUCT_BUNDLE_IDENTIFIER = "mu.sky.Swift-UI-AppsUITests";
				PRODUCT_NAME = "$(TARGET_NAME)";
				STRING_CATALOG_GENERATE_SYMBOLS = NO;
				SWIFT_APPROACHABLE_CONCURRENCY = YES;
				SWIFT_EMIT_LOC_STRINGS = NO;
				SWIFT_UPCOMING_FEATURE_MEMBER_IMPORT_VISIBILITY = YES;
				SWIFT_VERSION = 5.0;
				TARGETED_DEVICE_FAMILY = "1,2";
				TEST_TARGET_NAME = "Swift UI Apps";
			};
			name = Release;
		};
/* End XCBuildConfiguration section */

/* Begin XCConfigurationList section */
		332564B72FA10C8B00CF8C02 /* Build configuration list for PBXProject "Swift UI Apps" */ = {
			isa = XCConfigurationList;
			buildConfigurations = (
				332564DB2FA10C8C00CF8C02 /* Debug */,
				332564DC2FA10C8C00CF8C02 /* Release */,
			);
			defaultConfigurationIsVisible = 0;
			defaultConfigurationName = Release;
		};
		332564DD2FA10C8C00CF8C02 /* Build configuration list for PBXNativeTarget "Swift UI Apps" */ = {
			isa = XCConfigurationList;
			buildConfigurations = (
				332564DE2FA10C8C00CF8C02 /* Debug */,
				332564DF2FA10C8C00CF8C02 /* Release */,
			);
			defaultConfigurationIsVisible = 0;
			defaultConfigurationName = Release;
		};
		332564E02FA10C8C00CF8C02 /* Build configuration list for PBXNativeTarget "Swift UI AppsTests" */ = {
			isa = XCConfigurationList;
			buildConfigurations = (
				332564E12FA10C8C00CF8C02 /* Debug */,
				332564E22FA10C8C00CF8C02 /* Release */,
			);
			defaultConfigurationIsVisible = 0;
			defaultConfigurationName = Release;
		};
		332564E32FA10C8C00CF8C02 /* Build configuration list for PBXNativeTarget "Swift UI AppsUITests" */ = {
			isa = XCConfigurationList;
			buildConfigurations = (
				332564E42FA10C8C00CF8C02 /* Debug */,
				332564E52FA10C8C00CF8C02 /* Release */,
			);
			defaultConfigurationIsVisible = 0;
			defaultConfigurationName = Release;
		};
/* End XCConfigurationList section */
	};
	rootObject = 332564B42FA10C8B00CF8C02 /* Project object */;
}
